
Microsoft Visual Studio Solution File, Format Version 12.00
# Visual Studio Version 16
VisualStudioVersion = 16.0.31409.214
MinimumVisualStudioVersion = 10.0.40219.1
Project("{2150E333-8FDC-42A3-9474-1A3956D46DE8}") = "Tests", "Tests", "{250BC2EE-89C8-489B-ACEB-6739ED107B57}"
EndProject
Project("{2150E333-8FDC-42A3-9474-1A3956D46DE8}") = "Services", "Services", "{AAC537BD-08CC-4F63-829F-C390F355C58E}"
EndProject
Project("{2150E333-8FDC-42A3-9474-1A3956D46DE8}") = "Solution Items", "Solution Items", "{4AF4A160-4783-4E11-9BBD-172384EC64A6}"
	ProjectSection(SolutionItems) = preProject
		.env = .env
		README.md = README.md
		UpdatedArchitecture.drawio = UpdatedArchitecture.drawio
	EndProjectSection
EndProject
Project("{9A19103F-16F7-4668-BE54-9A1E7A4F7556}") = "CurrencyRates.Report.Api", "Services\CurrencyRates.Report.Api\CurrencyRates.Report.Api.csproj", "{9B5CB5A3-4E52-483A-9F80-241B198CB712}"
EndProject
Project("{9A19103F-16F7-4668-BE54-9A1E7A4F7556}") = "CurrencyRates.CzBank.Connector", "Services\CurrencyRates.CzBank.Connector\CurrencyRates.CzBank.Connector.csproj", "{8A4816C4-062C-4BCD-B2E8-151E86AB2200}"
EndProject
Project("{9A19103F-16F7-4668-BE54-9A1E7A4F7556}") = "CurrencyRates.Loader", "Services\CurrencyRates.Loader\CurrencyRates.Loader.csproj", "{7E148EF9-E9D2-4CB0-BC67-705669D3A88B}"
EndProject
Project("{2150E333-8FDC-42A3-9474-1A3956D46DE8}") = "Services", "Services", "{2557B80D-A691-4B46-8917-6EBFFBF2D61A}"
EndProject
Project("{E53339B2-1760-4266-BCC7-CA923CBCF16C}") = "docker-compose", "docker-compose.dcproj", "{3316A137-0516-4C16-864C-6800D23BF641}"
EndProject
Project("{9A19103F-16F7-4668-BE54-9A1E7A4F7556}") = "CurrencyRates.Scheduler.Api", "Services\CurrencyRates.Scheduler.Api\CurrencyRates.Scheduler.Api.csproj", "{F0B98AD1-FC1B-4921-A664-9D0304CC7734}"
EndProject
Project("{2150E333-8FDC-42A3-9474-1A3956D46DE8}") = "Core", "Core", "{32724CA7-C85B-4148-9B53-DED12099AE8E}"
EndProject
Project("{9A19103F-16F7-4668-BE54-9A1E7A4F7556}") = "CurrencyRates.Core", "Core\CurrencyRates.Core\CurrencyRates.Core.csproj", "{1B428102-73D3-4286-A0B7-FB404014339F}"
EndProject
Project("{9A19103F-16F7-4668-BE54-9A1E7A4F7556}") = "CurrencyRates.CzBAnk.ConnectorTests", "Tests\Services\CurrencyRates.CzBAnk.ConnectorTests\CurrencyRates.CzBAnk.ConnectorTests.csproj", "{A0DCAD28-35F9-41D9-AB5E-969BD619FC65}"
EndProject
Project("{9A19103F-16F7-4668-BE54-9A1E7A4F7556}") = "CurrencyRates.Logging", "Core\CurrencyRates.Logging\CurrencyRates.Logging.csproj", "{3EC17792-418F-4F14-BE9C-BBF202BD9C3F}"
EndProject
Project("{FAE04EC0-301F-11D3-BF4B-00C04F79EFBC}") = "CurrencyRates.Loader.Tests", "Tests\Services\CurrencyRates.Loader.Tests\CurrencyRates.Loader.Tests.csproj", "{980BF3A0-FF03-4278-9364-42677AD44F94}"
EndProject
Global
	GlobalSection(SolutionConfigurationPlatforms) = preSolution
		Debug|Any CPU = Debug|Any CPU
		Release|Any CPU = Release|Any CPU
	EndGlobalSection
	GlobalSection(ProjectConfigurationPlatforms) = postSolution
		{9B5CB5A3-4E52-483A-9F80-241B198CB712}.Debug|Any CPU.ActiveCfg = Debug|Any CPU
		{9B5CB5A3-4E52-483A-9F80-241B198CB712}.Debug|Any CPU.Build.0 = Debug|Any CPU
		{9B5CB5A3-4E52-483A-9F80-241B198CB712}.Release|Any CPU.ActiveCfg = Release|Any CPU
		{9B5CB5A3-4E52-483A-9F80-241B198CB712}.Release|Any CPU.Build.0 = Release|Any CPU
		{8A4816C4-062C-4BCD-B2E8-151E86AB2200}.Debug|Any CPU.ActiveCfg = Debug|Any CPU
		{8A4816C4-062C-4BCD-B2E8-151E86AB2200}.Debug|Any CPU.Build.0 = Debug|Any CPU
		{8A4816C4-062C-4BCD-B2E8-151E86AB2200}.Release|Any CPU.ActiveCfg = Release|Any CPU
		{8A4816C4-062C-4BCD-B2E8-151E86AB2200}.Release|Any CPU.Build.0 = Release|Any CPU
		{7E148EF9-E9D2-4CB0-BC67-705669D3A88B}.Debug|Any CPU.ActiveCfg = Debug|Any CPU
		{7E148EF9-E9D2-4CB0-BC67-705669D3A88B}.Debug|Any CPU.Build.0 = Debug|Any CPU
		{7E148EF9-E9D2-4CB0-BC67-705669D3A88B}.Release|Any CPU.ActiveCfg = Release|Any CPU
		{7E148EF9-E9D2-4CB0-BC67-705669D3A88B}.Release|Any CPU.Build.0 = Release|Any CPU
		{3316A137-0516-4C16-864C-6800D23BF641}.Debug|Any CPU.ActiveCfg = Debug|Any CPU
		{3316A137-0516-4C16-864C-6800D23BF641}.Debug|Any CPU.Build.0 = Debug|Any CPU
		{3316A137-0516-4C16-864C-6800D23BF641}.Release|Any CPU.ActiveCfg = Release|Any CPU
		{3316A137-0516-4C16-864C-6800D23BF641}.Release|Any CPU.Build.0 = Release|Any CPU
		{F0B98AD1-FC1B-4921-A664-9D0304CC7734}.Debug|Any CPU.ActiveCfg = Debug|Any CPU
		{F0B98AD1-FC1B-4921-A664-9D0304CC7734}.Debug|Any CPU.Build.0 = Debug|Any CPU
		{F0B98AD1-FC1B-4921-A664-9D0304CC7734}.Release|Any CPU.ActiveCfg = Release|Any CPU
		{F0B98AD1-FC1B-4921-A664-9D0304CC7734}.Release|Any CPU.Build.0 = Release|Any CPU
		{1B428102-73D3-4286-A0B7-FB404014339F}.Debug|Any CPU.ActiveCfg = Debug|Any CPU
		{1B428102-73D3-4286-A0B7-FB404014339F}.Debug|Any CPU.Build.0 = Debug|Any CPU
		{1B428102-73D3-4286-A0B7-FB404014339F}.Release|Any CPU.ActiveCfg = Release|Any CPU
		{1B428102-73D3-4286-A0B7-FB404014339F}.Release|Any CPU.Build.0 = Release|Any CPU
		{A0DCAD28-35F9-41D9-AB5E-969BD619FC65}.Debug|Any CPU.ActiveCfg = Debug|Any CPU
		{A0DCAD28-35F9-41D9-AB5E-969BD619FC65}.Debug|Any CPU.Build.0 = Debug|Any CPU
		{A0DCAD28-35F9-41D9-AB5E-969BD619FC65}.Release|Any CPU.ActiveCfg = Release|Any CPU
		{A0DCAD28-35F9-41D9-AB5E-969BD619FC65}.Release|Any CPU.Build.0 = Release|Any CPU
		{3EC17792-418F-4F14-BE9C-BBF202BD9C3F}.Debug|Any CPU.ActiveCfg = Debug|Any CPU
		{3EC17792-418F-4F14-BE9C-BBF202BD9C3F}.Debug|Any CPU.Build.0 = Debug|Any CPU
		{3EC17792-418F-4F14-BE9C-BBF202BD9C3F}.Release|Any CPU.ActiveCfg = Release|Any CPU
		{3EC17792-418F-4F14-BE9C-BBF202BD9C3F}.Release|Any CPU.Build.0 = Release|Any CPU
		{980BF3A0-FF03-4278-9364-42677AD44F94}.Debug|Any CPU.ActiveCfg = Debug|Any CPU
		{980BF3A0-FF03-4278-9364-42677AD44F94}.Debug|Any CPU.Build.0 = Debug|Any CPU
		{980BF3A0-FF03-4278-9364-42677AD44F94}.Release|Any CPU.ActiveCfg = Release|Any CPU
		{980BF3A0-FF03-4278-9364-42677AD44F94}.Release|Any CPU.Build.0 = Release|Any CPU
	EndGlobalSection
	GlobalSection(SolutionProperties) = preSolution
		HideSolutionNode = FALSE
	EndGlobalSection
	GlobalSection(NestedProjects) = preSolution
		{9B5CB5A3-4E52-483A-9F80-241B198CB712} = {AAC537BD-08CC-4F63-829F-C390F355C58E}
		{8A4816C4-062C-4BCD-B2E8-151E86AB2200} = {AAC537BD-08CC-4F63-829F-C390F355C58E}
		{7E148EF9-E9D2-4CB0-BC67-705669D3A88B} = {AAC537BD-08CC-4F63-829F-C390F355C58E}
		{2557B80D-A691-4B46-8917-6EBFFBF2D61A} = {250BC2EE-89C8-489B-ACEB-6739ED107B57}
		{F0B98AD1-FC1B-4921-A664-9D0304CC7734} = {AAC537BD-08CC-4F63-829F-C390F355C58E}
		{1B428102-73D3-4286-A0B7-FB404014339F} = {32724CA7-C85B-4148-9B53-DED12099AE8E}
		{A0DCAD28-35F9-41D9-AB5E-969BD619FC65} = {2557B80D-A691-4B46-8917-6EBFFBF2D61A}
		{3EC17792-418F-4F14-BE9C-BBF202BD9C3F} = {32724CA7-C85B-4148-9B53-DED12099AE8E}
		{980BF3A0-FF03-4278-9364-42677AD44F94} = {2557B80D-A691-4B46-8917-6EBFFBF2D61A}
	EndGlobalSection
	GlobalSection(ExtensibilityGlobals) = postSolution
		SolutionGuid = {F6361CFB-CE64-44C2-98CA-B8378C5255FA}
	EndGlobalSection
EndGlobal
